<Solution>
  <Folder Name="/src/">
    <Project Path="src/FortuneForge.Games.Abstractions/FortuneForge.Games.Abstractions.csproj" />
    <Project Path="src/FortuneForge.Games.Cards/FortuneForge.Games.Cards.csproj" />
    <Project Path="src/FortuneForge.Games.TexasHoldem/FortuneForge.Games.TexasHoldem.csproj" />
  </Folder>
  <Folder Name="/tests/">
    <Project Path="tests/FortuneForge.Games.Tests/FortuneForge.Games.Tests.csproj" />
  </Folder>
</Solution>
